<?xml version="1.0" encoding="utf-8"?>
<Project ToolsVersion="4.0" xmlns="http://schemas.microsoft.com/developer/msbuild/2003">
  <ItemGroup>
    <ClCompile Include="include\ImGui\imgui-SFML.cpp">
      <Filter>Dependencies</Filter>
    </ClCompile>
    <ClCompile Include="include\ImGui\imgui.cpp">
      <Filter>Dependencies</Filter>
    </ClCompile>
    <ClCompile Include="include\ImGui\imgui_draw.cpp">
      <Filter>Dependencies</Filter>
    </ClCompile>
    <ClCompile Include="Driver.cpp" />
    <ClCompile Include="include\Oxana\NodeDisplayWindow.cpp" />
    <ClCompile Include="include\Oxana\Oxana.cpp" />
    <ClCompile Include="include\Oxana\Window.cpp" />
    <ClCompile Include="include\Oxana\Example\SimpleExample.cpp" />
    <ClCompile Include="include\Oxana\ColorMapWindow.cpp" />
    <ClCompile Include="include\Oxana\Simulation.cpp" />
    <ClCompile Include="include\Oxana\UnitTest.cpp" />
    <ClCompile Include="include\Oxana\Example\SoftwareRenderer.cpp" />
    <ClCompile Include="include\Oxana\Example\Examples.cpp" />
    <ClCompile Include="include\Oxana\Example\tgaimage.cpp" />
    <ClCompile Include="include\Oxana\Utilities\Graph.cpp" />
  </ItemGroup>
  <ItemGroup>
    <ClInclude Include="include\ImGui\imconfig.h">
      <Filter>Dependencies</Filter>
    </ClInclude>
    <ClInclude Include="include\Oxana\ColorMap.h" />
    <ClInclude Include="include\Oxana\GraphicalDriverInclude.h" />
    <ClInclude Include="include\Oxana\NodeDisplay.h" />
    <ClInclude Include="include\Oxana\Notification.h" />
    <ClInclude Include="include\Oxana\Oxana.h" />
    <ClInclude Include="include\Oxana\Utilities.h" />
    <ClInclude Include="include\Oxana\WatchVariable.h" />
    <ClInclude Include="include\Oxana\Window.h" />
    <ClInclude Include="include\Oxana\Example\Examples.h" />
    <ClInclude Include="include\Oxana\EditableVariable.h" />
    <ClInclude Include="include\Oxana\Include.h" />
    <ClInclude Include="include\Oxana\UnitTest.h" />
    <ClInclude Include="include\Oxana\Simulation.h" />
    <ClInclude Include="include\Oxana\Example\tgaimage.h" />
    <ClInclude Include="include\Oxana\Utilities\StringBuilder.h" />
    <ClInclude Include="include\Oxana\Utilities\Parser.h" />
    <ClInclude Include="include\Oxana\Utilities\Grid.h" />
    <ClInclude Include="include\Oxana\Utilities\Graph.h" />
    <ClInclude Include="include\Oxana\Utilities\Image.h" />
    <ClInclude Include="include\Oxana\Utilities\Vector.h" />
    <ClInclude Include="include\Oxana\Utilities\Timer.h" />
  </ItemGroup>
  <ItemGroup>
    <Filter Include="User">
      <UniqueIdentifier>{ee2297ab-4728-4edf-a0fa-e3ac3342bb82}</UniqueIdentifier>
    </Filter>
    <Filter Include="Dependencies">
      <UniqueIdentifier>{35dcf7f1-26ed-4514-a5a7-957f3b0c66c3}</UniqueIdentifier>
    </Filter>
    <Filter Include="Oxana">
      <UniqueIdentifier>{f3b0d9f4-d9f1-448d-b290-afb55a1152f2}</UniqueIdentifier>
    </Filter>
  </ItemGroup>
  <ItemGroup>
    <None Include="include\Oxana\LICENSE.md" />
  </ItemGroup>
</Project>